
Microsoft Visual Studio Solution File, Format Version 12.00
# Visual Studio 2017
Project("{FAE04EC0-301F-11D3-BF4B-00C04F79EFBC}") = "ARDemo1", "ARDemo1.csproj", "{16E414C8-6893-5B96-E8AD-3433D0796832}"
EndProject
Project("{FAE04EC0-301F-11D3-BF4B-00C04F79EFBC}") = "ARDemo1.Editor", "ARDemo1.Editor.csproj", "{B36AF0D7-66F1-27FE-80DC-D0C4BF9BADE9}"
EndProject
Global
	GlobalSection(SolutionConfigurationPlatforms) = preSolution
		Debug|Any CPU = Debug|Any CPU
		Release|Any CPU = Release|Any CPU
	EndGlobalSection
	GlobalSection(ProjectConfigurationPlatforms) = postSolution
		{16E414C8-6893-5B96-E8AD-3433D0796832}.Debug|Any CPU.ActiveCfg = Debug|Any CPU
		{16E414C8-6893-5B96-E8AD-3433D0796832}.Debug|Any CPU.Build.0 = Debug|Any CPU
		{16E414C8-6893-5B96-E8AD-3433D0796832}.Release|Any CPU.ActiveCfg = Release|Any CPU
		{16E414C8-6893-5B96-E8AD-3433D0796832}.Release|Any CPU.Build.0 = Release|Any CPU
		{B36AF0D7-66F1-27FE-80DC-D0C4BF9BADE9}.Debug|Any CPU.ActiveCfg = Debug|Any CPU
		{B36AF0D7-66F1-27FE-80DC-D0C4BF9BADE9}.Debug|Any CPU.Build.0 = Debug|Any CPU
		{B36AF0D7-66F1-27FE-80DC-D0C4BF9BADE9}.Release|Any CPU.ActiveCfg = Release|Any CPU
		{B36AF0D7-66F1-27FE-80DC-D0C4BF9BADE9}.Release|Any CPU.Build.0 = Release|Any CPU
	EndGlobalSection
	GlobalSection(SolutionProperties) = preSolution
		HideSolutionNode = FALSE
	EndGlobalSection
EndGlobal
